{
  "name": "@wfoxall/tsworkspaces",
  "version": "0.1.0",
  "lockfileVersion": 2,
  "requires": true,
  "packages": {
    "": {
      "name": "@wfoxall/tsworkspaces",
      "version": "0.1.0",
      "license": "ISC",
      "workspaces": [
        "packages/*",
        "app"
      ],
      "devDependencies": {
        "typescript": "^4.5.5"
      }
    },
    "app": {
      "version": "0.1.0",
      "license": "ISC",
      "devDependencies": {}
    },
    "node_modules/@wfoxall/a": {
      "resolved": "packages/a",
      "link": true
    },
    "node_modules/@wfoxall/b": {
      "resolved": "packages/b",
      "link": true
    },
    "node_modules/app": {
      "resolved": "app",
      "link": true
    },
    "node_modules/typescript": {
      "version": "4.5.5",
      "resolved": "https://registry.npmjs.org/typescript/-/typescript-4.5.5.tgz",
      "integrity": "sha512-TCTIul70LyWe6IJWT8QSYeA54WQe8EjQFU4wY52Fasj5UKx88LNYKCgBEHcOMOrFF1rKGbD8v/xcNWVUq9SymA==",
      "dev": true,
      "bin": {
        "tsc": "bin/tsc",
        "tsserver": "bin/tsserver"
      },
      "engines": {
        "node": ">=4.2.0"
      }
    },
    "packages/a": {
      "name": "@wfoxall/a",
      "version": "0.1.0",
      "license": "ISC"
    },
    "packages/b": {
      "name": "@wfoxall/b",
      "version": "0.1.0",
      "license": "ISC"
    }
  },
  "dependencies": {
    "@wfoxall/a": {
      "version": "file:packages/a"
    },
    "@wfoxall/b": {
      "version": "file:packages/b"
    },
    "app": {
      "version": "file:app"
    },
    "typescript": {
      "version": "4.5.5",
      "resolved": "https://registry.npmjs.org/typescript/-/typescript-4.5.5.tgz",
      "integrity": "sha512-TCTIul70LyWe6IJWT8QSYeA54WQe8EjQFU4wY52Fasj5UKx88LNYKCgBEHcOMOrFF1rKGbD8v/xcNWVUq9SymA==",
      "dev": true
    }
  }
}
